
Microsoft Visual Studio Solution File, Format Version 12.00
# Visual Studio Version 17
VisualStudioVersion = 17.4.33213.308
MinimumVisualStudioVersion = 10.0.40219.1
Project("{8BC9CEB8-8B4A-11D0-8D11-00A0C91BC942}") = "NtWarden", "NtWarden\NtWarden.vcxproj", "{B86FA0DD-26AA-4629-8575-097E1E9DEE47}"
	ProjectSection(ProjectDependencies) = postProject
		{3441322D-7C33-497F-94D6-639DD72A5D20} = {3441322D-7C33-497F-94D6-639DD72A5D20}
		{CAFA77FB-4A19-47B4-909C-9AF25F0091A7} = {CAFA77FB-4A19-47B4-909C-9AF25F0091A7}
	EndProjectSection
EndProject
Project("{8BC9CEB8-8B4A-11D0-8D11-00A0C91BC942}") = "WinSys", "WinSys\WinSys.vcxproj", "{CAFA77FB-4A19-47B4-909C-9AF25F0091A7}"
EndProject
Project("{8BC9CEB8-8B4A-11D0-8D11-00A0C91BC942}") = "KWinSys", "KWinSys\KWinSys.vcxproj", "{3441322D-7C33-497F-94D6-639DD72A5D20}"
EndProject
Project("{8BC9CEB8-8B4A-11D0-8D11-00A0C91BC942}") = "WinSysServer", "WinSysServer\WinSysServer.vcxproj", "{A1B2C3D4-E5F6-7890-ABCD-EF1234567890}"
	ProjectSection(ProjectDependencies) = postProject
		{CAFA77FB-4A19-47B4-909C-9AF25F0091A7} = {CAFA77FB-4A19-47B4-909C-9AF25F0091A7}
		{3441322D-7C33-497F-94D6-639DD72A5D20} = {3441322D-7C33-497F-94D6-639DD72A5D20}
	EndProjectSection
EndProject
Global
	GlobalSection(SolutionConfigurationPlatforms) = preSolution
		Debug|ARM = Debug|ARM
		Debug|ARM64 = Debug|ARM64
		Debug|x64 = Debug|x64
		Debug|x86 = Debug|x86
		Release|ARM = Release|ARM
		Release|ARM64 = Release|ARM64
		Release|x64 = Release|x64
		Release|x86 = Release|x86
	EndGlobalSection
	GlobalSection(ProjectConfigurationPlatforms) = postSolution
		{B86FA0DD-26AA-4629-8575-097E1E9DEE47}.Debug|ARM.ActiveCfg = Debug|x64
		{B86FA0DD-26AA-4629-8575-097E1E9DEE47}.Debug|ARM.Build.0 = Debug|x64
		{B86FA0DD-26AA-4629-8575-097E1E9DEE47}.Debug|ARM64.ActiveCfg = Debug|x64
		{B86FA0DD-26AA-4629-8575-097E1E9DEE47}.Debug|ARM64.Build.0 = Debug|x64
		{B86FA0DD-26AA-4629-8575-097E1E9DEE47}.Debug|x64.ActiveCfg = Debug|x64
		{B86FA0DD-26AA-4629-8575-097E1E9DEE47}.Debug|x64.Build.0 = Debug|x64
		{B86FA0DD-26AA-4629-8575-097E1E9DEE47}.Debug|x86.ActiveCfg = Debug|Win32
		{B86FA0DD-26AA-4629-8575-097E1E9DEE47}.Debug|x86.Build.0 = Debug|Win32
		{B86FA0DD-26AA-4629-8575-097E1E9DEE47}.Release|ARM.ActiveCfg = Release|x64
		{B86FA0DD-26AA-4629-8575-097E1E9DEE47}.Release|ARM.Build.0 = Release|x64
		{B86FA0DD-26AA-4629-8575-097E1E9DEE47}.Release|ARM64.ActiveCfg = Release|x64
		{B86FA0DD-26AA-4629-8575-097E1E9DEE47}.Release|ARM64.Build.0 = Release|x64
		{B86FA0DD-26AA-4629-8575-097E1E9DEE47}.Release|x64.ActiveCfg = Release|x64
		{B86FA0DD-26AA-4629-8575-097E1E9DEE47}.Release|x64.Build.0 = Release|x64
		{B86FA0DD-26AA-4629-8575-097E1E9DEE47}.Release|x86.ActiveCfg = Release|Win32
		{B86FA0DD-26AA-4629-8575-097E1E9DEE47}.Release|x86.Build.0 = Release|Win32
		{CAFA77FB-4A19-47B4-909C-9AF25F0091A7}.Debug|ARM.ActiveCfg = Debug|x64
		{CAFA77FB-4A19-47B4-909C-9AF25F0091A7}.Debug|ARM.Build.0 = Debug|x64
		{CAFA77FB-4A19-47B4-909C-9AF25F0091A7}.Debug|ARM64.ActiveCfg = Debug|x64
		{CAFA77FB-4A19-47B4-909C-9AF25F0091A7}.Debug|ARM64.Build.0 = Debug|x64
		{CAFA77FB-4A19-47B4-909C-9AF25F0091A7}.Debug|x64.ActiveCfg = Debug|x64
		{CAFA77FB-4A19-47B4-909C-9AF25F0091A7}.Debug|x64.Build.0 = Debug|x64
		{CAFA77FB-4A19-47B4-909C-9AF25F0091A7}.Debug|x86.ActiveCfg = Debug|Win32
		{CAFA77FB-4A19-47B4-909C-9AF25F0091A7}.Debug|x86.Build.0 = Debug|Win32
		{CAFA77FB-4A19-47B4-909C-9AF25F0091A7}.Release|ARM.ActiveCfg = Release|x64
		{CAFA77FB-4A19-47B4-909C-9AF25F0091A7}.Release|ARM.Build.0 = Release|x64
		{CAFA77FB-4A19-47B4-909C-9AF25F0091A7}.Release|ARM64.ActiveCfg = Release|x64
		{CAFA77FB-4A19-47B4-909C-9AF25F0091A7}.Release|ARM64.Build.0 = Release|x64
		{CAFA77FB-4A19-47B4-909C-9AF25F0091A7}.Release|x64.ActiveCfg = Release|x64
		{CAFA77FB-4A19-47B4-909C-9AF25F0091A7}.Release|x64.Build.0 = Release|x64
		{CAFA77FB-4A19-47B4-909C-9AF25F0091A7}.Release|x86.ActiveCfg = Release|Win32
		{CAFA77FB-4A19-47B4-909C-9AF25F0091A7}.Release|x86.Build.0 = Release|Win32
		{3441322D-7C33-497F-94D6-639DD72A5D20}.Debug|ARM.ActiveCfg = Debug|ARM
		{3441322D-7C33-497F-94D6-639DD72A5D20}.Debug|ARM.Build.0 = Debug|ARM
		{3441322D-7C33-497F-94D6-639DD72A5D20}.Debug|ARM64.ActiveCfg = Debug|ARM64
		{3441322D-7C33-497F-94D6-639DD72A5D20}.Debug|ARM64.Build.0 = Debug|ARM64
		{3441322D-7C33-497F-94D6-639DD72A5D20}.Debug|x64.ActiveCfg = Debug|x64
		{3441322D-7C33-497F-94D6-639DD72A5D20}.Debug|x64.Build.0 = Debug|x64
		{3441322D-7C33-497F-94D6-639DD72A5D20}.Debug|x86.ActiveCfg = Debug|Win32
		{3441322D-7C33-497F-94D6-639DD72A5D20}.Debug|x86.Build.0 = Debug|Win32
		{3441322D-7C33-497F-94D6-639DD72A5D20}.Release|ARM.ActiveCfg = Release|ARM
		{3441322D-7C33-497F-94D6-639DD72A5D20}.Release|ARM.Build.0 = Release|ARM
		{3441322D-7C33-497F-94D6-639DD72A5D20}.Release|ARM64.ActiveCfg = Release|ARM64
		{3441322D-7C33-497F-94D6-639DD72A5D20}.Release|ARM64.Build.0 = Release|ARM64
		{3441322D-7C33-497F-94D6-639DD72A5D20}.Release|x64.ActiveCfg = Release|x64
		{3441322D-7C33-497F-94D6-639DD72A5D20}.Release|x64.Build.0 = Release|x64
		{3441322D-7C33-497F-94D6-639DD72A5D20}.Release|x86.ActiveCfg = Release|Win32
		{3441322D-7C33-497F-94D6-639DD72A5D20}.Release|x86.Build.0 = Release|Win32
		{A1B2C3D4-E5F6-7890-ABCD-EF1234567890}.Debug|ARM.ActiveCfg = Debug|x64
		{A1B2C3D4-E5F6-7890-ABCD-EF1234567890}.Debug|ARM.Build.0 = Debug|x64
		{A1B2C3D4-E5F6-7890-ABCD-EF1234567890}.Debug|ARM64.ActiveCfg = Debug|x64
		{A1B2C3D4-E5F6-7890-ABCD-EF1234567890}.Debug|ARM64.Build.0 = Debug|x64
		{A1B2C3D4-E5F6-7890-ABCD-EF1234567890}.Debug|x64.ActiveCfg = Debug|x64
		{A1B2C3D4-E5F6-7890-ABCD-EF1234567890}.Debug|x64.Build.0 = Debug|x64
		{A1B2C3D4-E5F6-7890-ABCD-EF1234567890}.Debug|x86.ActiveCfg = Debug|Win32
		{A1B2C3D4-E5F6-7890-ABCD-EF1234567890}.Debug|x86.Build.0 = Debug|Win32
		{A1B2C3D4-E5F6-7890-ABCD-EF1234567890}.Release|ARM.ActiveCfg = Release|x64
		{A1B2C3D4-E5F6-7890-ABCD-EF1234567890}.Release|ARM.Build.0 = Release|x64
		{A1B2C3D4-E5F6-7890-ABCD-EF1234567890}.Release|ARM64.ActiveCfg = Release|x64
		{A1B2C3D4-E5F6-7890-ABCD-EF1234567890}.Release|ARM64.Build.0 = Release|x64
		{A1B2C3D4-E5F6-7890-ABCD-EF1234567890}.Release|x64.ActiveCfg = Release|x64
		{A1B2C3D4-E5F6-7890-ABCD-EF1234567890}.Release|x64.Build.0 = Release|x64
		{A1B2C3D4-E5F6-7890-ABCD-EF1234567890}.Release|x86.ActiveCfg = Release|Win32
		{A1B2C3D4-E5F6-7890-ABCD-EF1234567890}.Release|x86.Build.0 = Release|Win32
	EndGlobalSection
	GlobalSection(SolutionProperties) = preSolution
		HideSolutionNode = FALSE
	EndGlobalSection
	GlobalSection(ExtensibilityGlobals) = postSolution
		SolutionGuid = {B8ACD8B8-6F29-434C-BD94-A1649F2564B5}
	EndGlobalSection
EndGlobal
