<?xml version="1.0" encoding="utf-8"?>
<Project ToolsVersion="4.0" xmlns="http://schemas.microsoft.com/developer/msbuild/2003">
  <ItemGroup>
    <Filter Include="Source Files">
      <UniqueIdentifier>{4FC737F1-C7A5-4376-A066-2A32D752A2FF}</UniqueIdentifier>
      <Extensions>cpp;c;cc;cxx;c++;def;odl;idl;hpj;bat;asm;asmx</Extensions>
    </Filter>
    <Filter Include="Source Files\Core">
      <UniqueIdentifier>{7A5B4B92-4F92-46C9-9F49-12E11A2B4070}</UniqueIdentifier>
    </Filter>
    <Filter Include="Source Files\Process">
      <UniqueIdentifier>{1A1C77AA-E3E6-4A46-AFC5-C8E6715070D0}</UniqueIdentifier>
    </Filter>
    <Filter Include="Source Files\Service">
      <UniqueIdentifier>{22578E32-4058-4E06-B124-D0A7C50A2090}</UniqueIdentifier>
    </Filter>
    <Filter Include="Source Files\Security">
      <UniqueIdentifier>{811EC7C7-2A56-416D-94E7-4F748653318A}</UniqueIdentifier>
    </Filter>
    <Filter Include="Source Files\Network">
      <UniqueIdentifier>{610AE3E5-FBB2-44D6-A5A2-4343DD9254CA}</UniqueIdentifier>
    </Filter>
    <Filter Include="Source Files\Kernel">
      <UniqueIdentifier>{C8E21350-D6EC-4679-BFB2-6AF566B5534F}</UniqueIdentifier>
    </Filter>
    <Filter Include="Header Files">
      <UniqueIdentifier>{93995380-89BD-4b04-88EB-625FBE52EBFB}</UniqueIdentifier>
      <Extensions>h;hh;hpp;hxx;h++;hm;inl;inc;ipp;xsd</Extensions>
    </Filter>
    <Filter Include="Header Files\Core">
      <UniqueIdentifier>{0D574A88-C094-423E-B517-ED116F7A1E7C}</UniqueIdentifier>
    </Filter>
    <Filter Include="Header Files\Process">
      <UniqueIdentifier>{A94A13FD-45A5-4FE1-8F15-B67F604AD18A}</UniqueIdentifier>
    </Filter>
    <Filter Include="Header Files\Service">
      <UniqueIdentifier>{13F36802-5D7A-4101-BE15-74A24E57EA06}</UniqueIdentifier>
    </Filter>
    <Filter Include="Header Files\Security">
      <UniqueIdentifier>{53D42C65-986A-4DF3-9E73-47B1272E4B88}</UniqueIdentifier>
    </Filter>
    <Filter Include="Header Files\Network">
      <UniqueIdentifier>{B57D3488-E7F2-4B94-9490-D7698A115B97}</UniqueIdentifier>
    </Filter>
    <Filter Include="Header Files\Kernel">
      <UniqueIdentifier>{2E7CAA60-CCEE-46EE-8495-73436545118A}</UniqueIdentifier>
    </Filter>
    <Filter Include="Resource Files">
      <UniqueIdentifier>{67DA6AB6-F800-4c08-8B7A-83BB121AAD01}</UniqueIdentifier>
      <Extensions>rc;ico;cur;bmp;dlg;rc2;rct;bin;rgs;gif;jpg;jpeg;jpe;resx;tiff;tif;png;wav;mfcribbon-ms</Extensions>
    </Filter>
  </ItemGroup>
  <ItemGroup>
    <ClInclude Include="pch.h">
      <Filter>Header Files\Core</Filter>
    </ClInclude>
    <ClInclude Include="Service.h">
      <Filter>Header Files\Service</Filter>
    </ClInclude>
    <ClInclude Include="ServiceInfo.h">
      <Filter>Header Files\Service</Filter>
    </ClInclude>
    <ClInclude Include="ServiceManager.h">
      <Filter>Header Files\Service</Filter>
    </ClInclude>
    <ClInclude Include="DeviceManager.h">
      <Filter>Header Files\Core</Filter>
    </ClInclude>
    <ClInclude Include="ProcessManager.h">
      <Filter>Header Files\Process</Filter>
    </ClInclude>
    <ClInclude Include="Keys.h">
      <Filter>Header Files\Core</Filter>
    </ClInclude>
    <ClInclude Include="Processes.h">
      <Filter>Header Files\Process</Filter>
    </ClInclude>
    <ClInclude Include="ProcessInfo.h">
      <Filter>Header Files\Process</Filter>
    </ClInclude>
    <ClInclude Include="ProcessHandlesTracker.h">
      <Filter>Header Files\Process</Filter>
    </ClInclude>
    <ClInclude Include="ProcessVMTracker.h">
      <Filter>Header Files\Process</Filter>
    </ClInclude>
    <ClInclude Include="LsaSecurity.h">
      <Filter>Header Files\Security</Filter>
    </ClInclude>
    <ClInclude Include="WinSys.h">
      <Filter>Header Files\Core</Filter>
    </ClInclude>
    <ClInclude Include="ActiveConnectionTracker.h">
      <Filter>Header Files\Network</Filter>
    </ClInclude>
    <ClInclude Include="KernelModuleTracker.h">
      <Filter>Header Files\Kernel</Filter>
    </ClInclude>
  </ItemGroup>
  <ItemGroup>
    <ClCompile Include="pch.cpp">
      <Filter>Source Files\Core</Filter>
    </ClCompile>
    <ClCompile Include="Service.cpp">
      <Filter>Source Files\Service</Filter>
    </ClCompile>
    <ClCompile Include="ServiceManager.cpp">
      <Filter>Source Files\Service</Filter>
    </ClCompile>
    <ClCompile Include="DeviceManager.cpp">
      <Filter>Source Files\Core</Filter>
    </ClCompile>
    <ClCompile Include="ProcessManager.cpp">
      <Filter>Source Files\Process</Filter>
    </ClCompile>
    <ClCompile Include="Processes.cpp">
      <Filter>Source Files\Process</Filter>
    </ClCompile>
    <ClCompile Include="ProcessInfo.cpp">
      <Filter>Source Files\Process</Filter>
    </ClCompile>
    <ClCompile Include="ProcessHandlesTracker.cpp">
      <Filter>Source Files\Process</Filter>
    </ClCompile>
    <ClCompile Include="ProcessVMTracker.cpp">
      <Filter>Source Files\Process</Filter>
    </ClCompile>
    <ClCompile Include="LsaSecurity.cpp">
      <Filter>Source Files\Security</Filter>
    </ClCompile>
    <ClCompile Include="ActiveConnectionTracker.cpp">
      <Filter>Source Files\Network</Filter>
    </ClCompile>
    <ClCompile Include="KernelModuleTracker.cpp">
      <Filter>Source Files\Kernel</Filter>
    </ClCompile>
  </ItemGroup>
  <ItemGroup>
    <None Include="packages.config" />
  </ItemGroup>
</Project>
